// !$*UTF8*$!
{
	archiveVersion = 1;
	classes = {
	};
	objectVersion = 50;
	objects = {

/* Begin PBXBuildFile section */
		787C4B8A2371C03600D2CAD8 /* AppDelegate.swift in Sources */ = {isa = PBXBuildFile; fileRef = 787C4B892371C03600D2CAD8 /* AppDelegate.swift */; };
		787C4B8C2371C03600D2CAD8 /* ViewController.swift in Sources */ = {isa = PBXBuildFile; fileRef = 787C4B8B2371C03600D2CAD8 /* ViewController.swift */; };
		787C4B8E2371C03700D2CAD8 /* Assets.xcassets in Resources */ = {isa = PBXBuildFile; fileRef = 787C4B8D2371C03700D2CAD8 /* Assets.xcassets */; };
		787C4B912371C03700D2CAD8 /* Main.storyboard in Resources */ = {isa = PBXBuildFile; fileRef = 787C4B8F2371C03700D2CAD8 /* Main.storyboard */; };
		787C4B9A2371C16C00D2CAD8 /* DeepLabV3.mlmodel in Sources */ = {isa = PBXBuildFile; fileRef = 787C4B992371C16B00D2CAD8 /* DeepLabV3.mlmodel */; };
		787C4BBD2371D6AA00D2CAD8 /* AppDelegate.swift in Sources */ = {isa = PBXBuildFile; fileRef = 787C4BBC2371D6AA00D2CAD8 /* AppDelegate.swift */; };
		787C4BBF2371D6AA00D2CAD8 /* SceneDelegate.swift in Sources */ = {isa = PBXBuildFile; fileRef = 787C4BBE2371D6AA00D2CAD8 /* SceneDelegate.swift */; };
		787C4BC12371D6AA00D2CAD8 /* ViewController.swift in Sources */ = {isa = PBXBuildFile; fileRef = 787C4BC02371D6AA00D2CAD8 /* ViewController.swift */; };
		787C4BC42371D6AA00D2CAD8 /* Main.storyboard in Resources */ = {isa = PBXBuildFile; fileRef = 787C4BC22371D6AA00D2CAD8 /* Main.storyboard */; };
		787C4BC62371D6AB00D2CAD8 /* Assets.xcassets in Resources */ = {isa = PBXBuildFile; fileRef = 787C4BC52371D6AB00D2CAD8 /* Assets.xcassets */; };
		787C4BC92371D6AB00D2CAD8 /* LaunchScreen.storyboard in Resources */ = {isa = PBXBuildFile; fileRef = 787C4BC72371D6AB00D2CAD8 /* LaunchScreen.storyboard */; };
		787C4BCE2371DC8600D2CAD8 /* DeepLabV3.mlmodel in Sources */ = {isa = PBXBuildFile; fileRef = 787C4B992371C16B00D2CAD8 /* DeepLabV3.mlmodel */; };
		787C4BD12371DDF400D2CAD8 /* ColorTables.swift in Sources */ = {isa = PBXBuildFile; fileRef = 787C4BD02371DDF400D2CAD8 /* ColorTables.swift */; };
		787C4BD22371DDF400D2CAD8 /* ColorTables.swift in Sources */ = {isa = PBXBuildFile; fileRef = 787C4BD02371DDF400D2CAD8 /* ColorTables.swift */; };
/* End PBXBuildFile section */

/* Begin PBXFileReference section */
		787C4B862371C03600D2CAD8 /* DeepLabTest.app */ = {isa = PBXFileReference; explicitFileType = wrapper.application; includeInIndex = 0; path = DeepLabTest.app; sourceTree = BUILT_PRODUCTS_DIR; };
		787C4B892371C03600D2CAD8 /* AppDelegate.swift */ = {isa = PBXFileReference; lastKnownFileType = sourcecode.swift; path = AppDelegate.swift; sourceTree = "<group>"; };
		787C4B8B2371C03600D2CAD8 /* ViewController.swift */ = {isa = PBXFileReference; lastKnownFileType = sourcecode.swift; path = ViewController.swift; sourceTree = "<group>"; };
		787C4B8D2371C03700D2CAD8 /* Assets.xcassets */ = {isa = PBXFileReference; lastKnownFileType = folder.assetcatalog; path = Assets.xcassets; sourceTree = "<group>"; };
		787C4B902371C03700D2CAD8 /* Base */ = {isa = PBXFileReference; lastKnownFileType = file.storyboard; name = Base; path = Base.lproj/Main.storyboard; sourceTree = "<group>"; };
		787C4B922371C03700D2CAD8 /* Info.plist */ = {isa = PBXFileReference; lastKnownFileType = text.plist.xml; path = Info.plist; sourceTree = "<group>"; };
		787C4B932371C03700D2CAD8 /* DeepLabTest.entitlements */ = {isa = PBXFileReference; lastKnownFileType = text.plist.entitlements; path = DeepLabTest.entitlements; sourceTree = "<group>"; };
		787C4B992371C16B00D2CAD8 /* DeepLabV3.mlmodel */ = {isa = PBXFileReference; lastKnownFileType = file.mlmodel; path = DeepLabV3.mlmodel; sourceTree = "<group>"; };
		787C4BBA2371D6A900D2CAD8 /* DeepLabTest_iOS.app */ = {isa = PBXFileReference; explicitFileType = wrapper.application; includeInIndex = 0; path = DeepLabTest_iOS.app; sourceTree = BUILT_PRODUCTS_DIR; };
		787C4BBC2371D6AA00D2CAD8 /* AppDelegate.swift */ = {isa = PBXFileReference; lastKnownFileType = sourcecode.swift; path = AppDelegate.swift; sourceTree = "<group>"; };
		787C4BBE2371D6AA00D2CAD8 /* SceneDelegate.swift */ = {isa = PBXFileReference; lastKnownFileType = sourcecode.swift; path = SceneDelegate.swift; sourceTree = "<group>"; };
		787C4BC02371D6AA00D2CAD8 /* ViewController.swift */ = {isa = PBXFileReference; lastKnownFileType = sourcecode.swift; path = ViewController.swift; sourceTree = "<group>"; };
		787C4BC32371D6AA00D2CAD8 /* Base */ = {isa = PBXFileReference; lastKnownFileType = file.storyboard; name = Base; path = Base.lproj/Main.storyboard; sourceTree = "<group>"; };
		787C4BC52371D6AB00D2CAD8 /* Assets.xcassets */ = {isa = PBXFileReference; lastKnownFileType = folder.assetcatalog; path = Assets.xcassets; sourceTree = "<group>"; };
		787C4BC82371D6AB00D2CAD8 /* Base */ = {isa = PBXFileReference; lastKnownFileType = file.storyboard; name = Base; path = Base.lproj/LaunchScreen.storyboard; sourceTree = "<group>"; };
		787C4BCA2371D6AB00D2CAD8 /* Info.plist */ = {isa = PBXFileReference; lastKnownFileType = text.plist.xml; path = Info.plist; sourceTree = "<group>"; };
		787C4BD02371DDF400D2CAD8 /* ColorTables.swift */ = {isa = PBXFileReference; lastKnownFileType = sourcecode.swift; path = ColorTables.swift; sourceTree = "<group>"; };
/* End PBXFileReference section */

/* Begin PBXFrameworksBuildPhase section */
		787C4B832371C03600D2CAD8 /* Frameworks */ = {
			isa = PBXFrameworksBuildPhase;
			buildActionMask = 2147483647;
			files = (
			);
			runOnlyForDeploymentPostprocessing = 0;
		};
		787C4BB72371D6A900D2CAD8 /* Frameworks */ = {
			isa = PBXFrameworksBuildPhase;
			buildActionMask = 2147483647;
			files = (
			);
			runOnlyForDeploymentPostprocessing = 0;
		};
/* End PBXFrameworksBuildPhase section */

/* Begin PBXGroup section */
		787C4B7D2371C03600D2CAD8 = {
			isa = PBXGroup;
			children = (
				787C4BCF2371DDC500D2CAD8 /* Source */,
				787C4B992371C16B00D2CAD8 /* DeepLabV3.mlmodel */,
				787C4B882371C03600D2CAD8 /* DeepLabTest */,
				787C4BBB2371D6AA00D2CAD8 /* DeepLabTest_iOS */,
				787C4B872371C03600D2CAD8 /* Products */,
			);
			sourceTree = "<group>";
		};
		787C4B872371C03600D2CAD8 /* Products */ = {
			isa = PBXGroup;
			children = (
				787C4B862371C03600D2CAD8 /* DeepLabTest.app */,
				787C4BBA2371D6A900D2CAD8 /* DeepLabTest_iOS.app */,
			);
			name = Products;
			sourceTree = "<group>";
		};
		787C4B882371C03600D2CAD8 /* DeepLabTest */ = {
			isa = PBXGroup;
			children = (
				787C4B892371C03600D2CAD8 /* AppDelegate.swift */,
				787C4B8B2371C03600D2CAD8 /* ViewController.swift */,
				787C4B8D2371C03700D2CAD8 /* Assets.xcassets */,
				787C4B8F2371C03700D2CAD8 /* Main.storyboard */,
				787C4B922371C03700D2CAD8 /* Info.plist */,
				787C4B932371C03700D2CAD8 /* DeepLabTest.entitlements */,
			);
			path = DeepLabTest;
			sourceTree = "<group>";
		};
		787C4BBB2371D6AA00D2CAD8 /* DeepLabTest_iOS */ = {
			isa = PBXGroup;
			children = (
				787C4BBC2371D6AA00D2CAD8 /* AppDelegate.swift */,
				787C4BBE2371D6AA00D2CAD8 /* SceneDelegate.swift */,
				787C4BC02371D6AA00D2CAD8 /* ViewController.swift */,
				787C4BC22371D6AA00D2CAD8 /* Main.storyboard */,
				787C4BC52371D6AB00D2CAD8 /* Assets.xcassets */,
				787C4BC72371D6AB00D2CAD8 /* LaunchScreen.storyboard */,
				787C4BCA2371D6AB00D2CAD8 /* Info.plist */,
			);
			path = DeepLabTest_iOS;
			sourceTree = "<group>";
		};
		787C4BCF2371DDC500D2CAD8 /* Source */ = {
			isa = PBXGroup;
			children = (
				787C4BD02371DDF400D2CAD8 /* ColorTables.swift */,
			);
			path = Source;
			sourceTree = "<group>";
		};
/* End PBXGroup section */

/* Begin PBXNativeTarget section */
		787C4B852371C03600D2CAD8 /* DeepLabTest */ = {
			isa = PBXNativeTarget;
			buildConfigurationList = 787C4B962371C03700D2CAD8 /* Build configuration list for PBXNativeTarget "DeepLabTest" */;
			buildPhases = (
				787C4B822371C03600D2CAD8 /* Sources */,
				787C4B832371C03600D2CAD8 /* Frameworks */,
				787C4B842371C03600D2CAD8 /* Resources */,
			);
			buildRules = (
			);
			dependencies = (
			);
			name = DeepLabTest;
			productName = DeepLabTest;
			productReference = 787C4B862371C03600D2CAD8 /* DeepLabTest.app */;
			productType = "com.apple.product-type.application";
		};
		787C4BB92371D6A900D2CAD8 /* DeepLabTest_iOS */ = {
			isa = PBXNativeTarget;
			buildConfigurationList = 787C4BCB2371D6AB00D2CAD8 /* Build configuration list for PBXNativeTarget "DeepLabTest_iOS" */;
			buildPhases = (
				787C4BB62371D6A900D2CAD8 /* Sources */,
				787C4BB72371D6A900D2CAD8 /* Frameworks */,
				787C4BB82371D6A900D2CAD8 /* Resources */,
			);
			buildRules = (
			);
			dependencies = (
			);
			name = DeepLabTest_iOS;
			productName = DeepLabTest_iOS;
			productReference = 787C4BBA2371D6A900D2CAD8 /* DeepLabTest_iOS.app */;
			productType = "com.apple.product-type.application";
		};
/* End PBXNativeTarget section */

/* Begin PBXProject section */
		787C4B7E2371C03600D2CAD8 /* Project object */ = {
			isa = PBXProject;
			attributes = {
				LastSwiftUpdateCheck = 1120;
				LastUpgradeCheck = 1120;
				ORGANIZATIONNAME = "Koki Ibukuro";
				TargetAttributes = {
					787C4B852371C03600D2CAD8 = {
						CreatedOnToolsVersion = 11.2;
					};
					787C4BB92371D6A900D2CAD8 = {
						CreatedOnToolsVersion = 11.2;
					};
				};
			};
			buildConfigurationList = 787C4B812371C03600D2CAD8 /* Build configuration list for PBXProject "DeepLabTest" */;
			compatibilityVersion = "Xcode 9.3";
			developmentRegion = en;
			hasScannedForEncodings = 0;
			knownRegions = (
				en,
				Base,
			);
			mainGroup = 787C4B7D2371C03600D2CAD8;
			productRefGroup = 787C4B872371C03600D2CAD8 /* Products */;
			projectDirPath = "";
			projectRoot = "";
			targets = (
				787C4B852371C03600D2CAD8 /* DeepLabTest */,
				787C4BB92371D6A900D2CAD8 /* DeepLabTest_iOS */,
			);
		};
/* End PBXProject section */

/* Begin PBXResourcesBuildPhase section */
		787C4B842371C03600D2CAD8 /* Resources */ = {
			isa = PBXResourcesBuildPhase;
			buildActionMask = 2147483647;
			files = (
				787C4B8E2371C03700D2CAD8 /* Assets.xcassets in Resources */,
				787C4B912371C03700D2CAD8 /* Main.storyboard in Resources */,
			);
			runOnlyForDeploymentPostprocessing = 0;
		};
		787C4BB82371D6A900D2CAD8 /* Resources */ = {
			isa = PBXResourcesBuildPhase;
			buildActionMask = 2147483647;
			files = (
				787C4BC92371D6AB00D2CAD8 /* LaunchScreen.storyboard in Resources */,
				787C4BC62371D6AB00D2CAD8 /* Assets.xcassets in Resources */,
				787C4BC42371D6AA00D2CAD8 /* Main.storyboard in Resources */,
			);
			runOnlyForDeploymentPostprocessing = 0;
		};
/* End PBXResourcesBuildPhase section */

/* Begin PBXSourcesBuildPhase section */
		787C4B822371C03600D2CAD8 /* Sources */ = {
			isa = PBXSourcesBuildPhase;
			buildActionMask = 2147483647;
			files = (
				787C4B9A2371C16C00D2CAD8 /* DeepLabV3.mlmodel in Sources */,
				787C4B8C2371C03600D2CAD8 /* ViewController.swift in Sources */,
				787C4B8A2371C03600D2CAD8 /* AppDelegate.swift in Sources */,
				787C4BD12371DDF400D2CAD8 /* ColorTables.swift in Sources */,
			);
			runOnlyForDeploymentPostprocessing = 0;
		};
		787C4BB62371D6A900D2CAD8 /* Sources */ = {
			isa = PBXSourcesBuildPhase;
			buildActionMask = 2147483647;
			files = (
				787C4BC12371D6AA00D2CAD8 /* ViewController.swift in Sources */,
				787C4BBD2371D6AA00D2CAD8 /* AppDelegate.swift in Sources */,
				787C4BD22371DDF400D2CAD8 /* ColorTables.swift in Sources */,
				787C4BBF2371D6AA00D2CAD8 /* SceneDelegate.swift in Sources */,
				787C4BCE2371DC8600D2CAD8 /* DeepLabV3.mlmodel in Sources */,
			);
			runOnlyForDeploymentPostprocessing = 0;
		};
/* End PBXSourcesBuildPhase section */

/* Begin PBXVariantGroup section */
		787C4B8F2371C03700D2CAD8 /* Main.storyboard */ = {
			isa = PBXVariantGroup;
			children = (
				787C4B902371C03700D2CAD8 /* Base */,
			);
			name = Main.storyboard;
			sourceTree = "<group>";
		};
		787C4BC22371D6AA00D2CAD8 /* Main.storyboard */ = {
			isa = PBXVariantGroup;
			children = (
				787C4BC32371D6AA00D2CAD8 /* Base */,
			);
			name = Main.storyboard;
			sourceTree = "<group>";
		};
		787C4BC72371D6AB00D2CAD8 /* LaunchScreen.storyboard */ = {
			isa = PBXVariantGroup;
			children = (
				787C4BC82371D6AB00D2CAD8 /* Base */,
			);
			name = LaunchScreen.storyboard;
			sourceTree = "<group>";
		};
/* End PBXVariantGroup section */

/* Begin XCBuildConfiguration section */
		787C4B942371C03700D2CAD8 /* Debug */ = {
			isa = XCBuildConfiguration;
			buildSettings = {
				ALWAYS_SEARCH_USER_PATHS = NO;
				CLANG_ANALYZER_NONNULL = YES;
				CLANG_ANALYZER_NUMBER_OBJECT_CONVERSION = YES_AGGRESSIVE;
				CLANG_CXX_LANGUAGE_STANDARD = "gnu++14";
				CLANG_CXX_LIBRARY = "libc++";
				CLANG_ENABLE_MODULES = YES;
				CLANG_ENABLE_OBJC_ARC = YES;
				CLANG_ENABLE_OBJC_WEAK = YES;
				CLANG_WARN_BLOCK_CAPTURE_AUTORELEASING = YES;
				CLANG_WARN_BOOL_CONVERSION = YES;
				CLANG_WARN_COMMA = YES;
				CLANG_WARN_CONSTANT_CONVERSION = YES;
				CLANG_WARN_DEPRECATED_OBJC_IMPLEMENTATIONS = YES;
				CLANG_WARN_DIRECT_OBJC_ISA_USAGE = YES_ERROR;
				CLANG_WARN_DOCUMENTATION_COMMENTS = YES;
				CLANG_WARN_EMPTY_BODY = YES;
				CLANG_WARN_ENUM_CONVERSION = YES;
				CLANG_WARN_INFINITE_RECURSION = YES;
				CLANG_WARN_INT_CONVERSION = YES;
				CLANG_WARN_NON_LITERAL_NULL_CONVERSION = YES;
				CLANG_WARN_OBJC_IMPLICIT_RETAIN_SELF = YES;
				CLANG_WARN_OBJC_LITERAL_CONVERSION = YES;
				CLANG_WARN_OBJC_ROOT_CLASS = YES_ERROR;
				CLANG_WARN_RANGE_LOOP_ANALYSIS = YES;
				CLANG_WARN_STRICT_PROTOTYPES = YES;
				CLANG_WARN_SUSPICIOUS_MOVE = YES;
				CLANG_WARN_UNGUARDED_AVAILABILITY = YES_AGGRESSIVE;
				CLANG_WARN_UNREACHABLE_CODE = YES;
				CLANG_WARN__DUPLICATE_METHOD_MATCH = YES;
				COPY_PHASE_STRIP = NO;
				DEBUG_INFORMATION_FORMAT = dwarf;
				ENABLE_STRICT_OBJC_MSGSEND = YES;
				ENABLE_TESTABILITY = YES;
				GCC_C_LANGUAGE_STANDARD = gnu11;
				GCC_DYNAMIC_NO_PIC = NO;
				GCC_NO_COMMON_BLOCKS = YES;
				GCC_OPTIMIZATION_LEVEL = 0;
				GCC_PREPROCESSOR_DEFINITIONS = (
					"DEBUG=1",
					"$(inherited)",
				);
				GCC_WARN_64_TO_32_BIT_CONVERSION = YES;
				GCC_WARN_ABOUT_RETURN_TYPE = YES_ERROR;
				GCC_WARN_UNDECLARED_SELECTOR = YES;
				GCC_WARN_UNINITIALIZED_AUTOS = YES_AGGRESSIVE;
				GCC_WARN_UNUSED_FUNCTION = YES;
				GCC_WARN_UNUSED_VARIABLE = YES;
				MACOSX_DEPLOYMENT_TARGET = 10.15;
				MTL_ENABLE_DEBUG_INFO = INCLUDE_SOURCE;
				MTL_FAST_MATH = YES;
				ONLY_ACTIVE_ARCH = YES;
				SDKROOT = macosx;
				SWIFT_ACTIVE_COMPILATION_CONDITIONS = DEBUG;
				SWIFT_OPTIMIZATION_LEVEL = "-Onone";
			};
			name = Debug;
		};
		787C4B952371C03700D2CAD8 /* Release */ = {
			isa = XCBuildConfiguration;
			buildSettings = {
				ALWAYS_SEARCH_USER_PATHS = NO;
				CLANG_ANALYZER_NONNULL = YES;
				CLANG_ANALYZER_NUMBER_OBJECT_CONVERSION = YES_AGGRESSIVE;
				CLANG_CXX_LANGUAGE_STANDARD = "gnu++14";
				CLANG_CXX_LIBRARY = "libc++";
				CLANG_ENABLE_MODULES = YES;
				CLANG_ENABLE_OBJC_ARC = YES;
				CLANG_ENABLE_OBJC_WEAK = YES;
				CLANG_WARN_BLOCK_CAPTURE_AUTORELEASING = YES;
				CLANG_WARN_BOOL_CONVERSION = YES;
				CLANG_WARN_COMMA = YES;
				CLANG_WARN_CONSTANT_CONVERSION = YES;
				CLANG_WARN_DEPRECATED_OBJC_IMPLEMENTATIONS = YES;
				CLANG_WARN_DIRECT_OBJC_ISA_USAGE = YES_ERROR;
				CLANG_WARN_DOCUMENTATION_COMMENTS = YES;
				CLANG_WARN_EMPTY_BODY = YES;
				CLANG_WARN_ENUM_CONVERSION = YES;
				CLANG_WARN_INFINITE_RECURSION = YES;
				CLANG_WARN_INT_CONVERSION = YES;
				CLANG_WARN_NON_LITERAL_NULL_CONVERSION = YES;
				CLANG_WARN_OBJC_IMPLICIT_RETAIN_SELF = YES;
				CLANG_WARN_OBJC_LITERAL_CONVERSION = YES;
				CLANG_WARN_OBJC_ROOT_CLASS = YES_ERROR;
				CLANG_WARN_RANGE_LOOP_ANALYSIS = YES;
				CLANG_WARN_STRICT_PROTOTYPES = YES;
				CLANG_WARN_SUSPICIOUS_MOVE = YES;
				CLANG_WARN_UNGUARDED_AVAILABILITY = YES_AGGRESSIVE;
				CLANG_WARN_UNREACHABLE_CODE = YES;
				CLANG_WARN__DUPLICATE_METHOD_MATCH = YES;
				COPY_PHASE_STRIP = NO;
				DEBUG_INFORMATION_FORMAT = "dwarf-with-dsym";
				ENABLE_NS_ASSERTIONS = NO;
				ENABLE_STRICT_OBJC_MSGSEND = YES;
				GCC_C_LANGUAGE_STANDARD = gnu11;
				GCC_NO_COMMON_BLOCKS = YES;
				GCC_WARN_64_TO_32_BIT_CONVERSION = YES;
				GCC_WARN_ABOUT_RETURN_TYPE = YES_ERROR;
				GCC_WARN_UNDECLARED_SELECTOR = YES;
				GCC_WARN_UNINITIALIZED_AUTOS = YES_AGGRESSIVE;
				GCC_WARN_UNUSED_FUNCTION = YES;
				GCC_WARN_UNUSED_VARIABLE = YES;
				MACOSX_DEPLOYMENT_TARGET = 10.15;
				MTL_ENABLE_DEBUG_INFO = NO;
				MTL_FAST_MATH = YES;
				SDKROOT = macosx;
				SWIFT_COMPILATION_MODE = wholemodule;
				SWIFT_OPTIMIZATION_LEVEL = "-O";
			};
			name = Release;
		};
		787C4B972371C03700D2CAD8 /* Debug */ = {
			isa = XCBuildConfiguration;
			buildSettings = {
				ASSETCATALOG_COMPILER_APPICON_NAME = AppIcon;
				CODE_SIGN_ENTITLEMENTS = DeepLabTest/DeepLabTest.entitlements;
				CODE_SIGN_STYLE = Automatic;
				COMBINE_HIDPI_IMAGES = YES;
				DEVELOPMENT_TEAM = 28KUHZR8X3;
				ENABLE_HARDENED_RUNTIME = YES;
				INFOPLIST_FILE = DeepLabTest/Info.plist;
				LD_RUNPATH_SEARCH_PATHS = (
					"$(inherited)",
					"@executable_path/../Frameworks",
				);
				PRODUCT_BUNDLE_IDENTIFIER = asus4.DeepLabTest;
				PRODUCT_NAME = "$(TARGET_NAME)";
				SWIFT_VERSION = 5.0;
			};
			name = Debug;
		};
		787C4B982371C03700D2CAD8 /* Release */ = {
			isa = XCBuildConfiguration;
			buildSettings = {
				ASSETCATALOG_COMPILER_APPICON_NAME = AppIcon;
				CODE_SIGN_ENTITLEMENTS = DeepLabTest/DeepLabTest.entitlements;
				CODE_SIGN_STYLE = Automatic;
				COMBINE_HIDPI_IMAGES = YES;
				DEVELOPMENT_TEAM = 28KUHZR8X3;
				ENABLE_HARDENED_RUNTIME = YES;
				INFOPLIST_FILE = DeepLabTest/Info.plist;
				LD_RUNPATH_SEARCH_PATHS = (
					"$(inherited)",
					"@executable_path/../Frameworks",
				);
				PRODUCT_BUNDLE_IDENTIFIER = asus4.DeepLabTest;
				PRODUCT_NAME = "$(TARGET_NAME)";
				SWIFT_VERSION = 5.0;
			};
			name = Release;
		};
		787C4BCC2371D6AB00D2CAD8 /* Debug */ = {
			isa = XCBuildConfiguration;
			buildSettings = {
				ASSETCATALOG_COMPILER_APPICON_NAME = AppIcon;
				CODE_SIGN_STYLE = Automatic;
				DEVELOPMENT_TEAM = 28KUHZR8X3;
				INFOPLIST_FILE = DeepLabTest_iOS/Info.plist;
				IPHONEOS_DEPLOYMENT_TARGET = 13.0;
				LD_RUNPATH_SEARCH_PATHS = (
					"$(inherited)",
					"@executable_path/Frameworks",
				);
				PRODUCT_BUNDLE_IDENTIFIER = "asus4.DeepLabTest-iOS";
				PRODUCT_NAME = "$(TARGET_NAME)";
				SDKROOT = iphoneos;
				SWIFT_VERSION = 5.0;
				TARGETED_DEVICE_FAMILY = "1,2";
			};
			name = Debug;
		};
		787C4BCD2371D6AB00D2CAD8 /* Release */ = {
			isa = XCBuildConfiguration;
			buildSettings = {
				ASSETCATALOG_COMPILER_APPICON_NAME = AppIcon;
				CODE_SIGN_STYLE = Automatic;
				DEVELOPMENT_TEAM = 28KUHZR8X3;
				INFOPLIST_FILE = DeepLabTest_iOS/Info.plist;
				IPHONEOS_DEPLOYMENT_TARGET = 13.0;
				LD_RUNPATH_SEARCH_PATHS = (
					"$(inherited)",
					"@executable_path/Frameworks",
				);
				PRODUCT_BUNDLE_IDENTIFIER = "asus4.DeepLabTest-iOS";
				PRODUCT_NAME = "$(TARGET_NAME)";
				SDKROOT = iphoneos;
				SWIFT_VERSION = 5.0;
				TARGETED_DEVICE_FAMILY = "1,2";
				VALIDATE_PRODUCT = YES;
			};
			name = Release;
		};
/* End XCBuildConfiguration section */

/* Begin XCConfigurationList section */
		787C4B812371C03600D2CAD8 /* Build configuration list for PBXProject "DeepLabTest" */ = {
			isa = XCConfigurationList;
			buildConfigurations = (
				787C4B942371C03700D2CAD8 /* Debug */,
				787C4B952371C03700D2CAD8 /* Release */,
			);
			defaultConfigurationIsVisible = 0;
			defaultConfigurationName = Release;
		};
		787C4B962371C03700D2CAD8 /* Build configuration list for PBXNativeTarget "DeepLabTest" */ = {
			isa = XCConfigurationList;
			buildConfigurations = (
				787C4B972371C03700D2CAD8 /* Debug */,
				787C4B982371C03700D2CAD8 /* Release */,
			);
			defaultConfigurationIsVisible = 0;
			defaultConfigurationName = Release;
		};
		787C4BCB2371D6AB00D2CAD8 /* Build configuration list for PBXNativeTarget "DeepLabTest_iOS" */ = {
			isa = XCConfigurationList;
			buildConfigurations = (
				787C4BCC2371D6AB00D2CAD8 /* Debug */,
				787C4BCD2371D6AB00D2CAD8 /* Release */,
			);
			defaultConfigurationIsVisible = 0;
			defaultConfigurationName = Release;
		};
/* End XCConfigurationList section */
	};
	rootObject = 787C4B7E2371C03600D2CAD8 /* Project object */;
}
